<?xml version="1.0" encoding="utf-8"?>
<Project ToolsVersion="4.0" xmlns="http://schemas.microsoft.com/developer/msbuild/2003">
  <ItemGroup>
    <Filter Include="Source Files">
      <UniqueIdentifier>{4FC737F1-C7A5-4376-A066-2A32D752A2FF}</UniqueIdentifier>
      <Extensions>cpp;c;cxx;def;odl;idl;hpj;bat;asm;asmx</Extensions>
    </Filter>
    <Filter Include="Header Files">
      <UniqueIdentifier>{93995380-89BD-4b04-88EB-625FBE52EBFB}</UniqueIdentifier>
      <Extensions>h;hpp;hxx;hm;inl;inc;xsd</Extensions>
    </Filter>
    <Filter Include="include">
      <UniqueIdentifier>{a0849dfc-49e4-4dc9-be2b-7396d5da79c7}</UniqueIdentifier>
    </Filter>
  </ItemGroup>
  <ItemGroup>
    <ClCompile Include="mfxplugin.cpp">
      <Filter>Source Files</Filter>
    </ClCompile>
    <ClCompile Include="mfxplugingui.cpp">
      <Filter>Source Files</Filter>
    </ClCompile>
    <ClCompile Include="plugincollection.cpp">
      <Filter>Source Files</Filter>
    </ClCompile>
  </ItemGroup>
  <ItemGroup>
    <ClInclude Include="mfxplugin.h">
      <Filter>Header Files</Filter>
    </ClInclude>
    <ClInclude Include="mfxplugingui.h">
      <Filter>Header Files</Filter>
    </ClInclude>
    <ClInclude Include="plugincollection.h">
      <Filter>Header Files</Filter>
    </ClInclude>
    <ClInclude Include="plugins.h">
      <Filter>Header Files</Filter>
    </ClInclude>
    <ClInclude Include="include\MfxTime.h">
      <Filter>include</Filter>
    </ClInclude>
    <ClInclude Include="include\MidiFilter.h">
      <Filter>include</Filter>
    </ClInclude>
  </ItemGroup>
</Project>