<?xml version="1.0" encoding="utf-8"?>
<Project ToolsVersion="4.0" xmlns="http://schemas.microsoft.com/developer/msbuild/2003">
  <ItemGroup>
    <Filter Include="Source Files">
      <UniqueIdentifier>{4FC737F1-C7A5-4376-A066-2A32D752A2FF}</UniqueIdentifier>
      <Extensions>cpp;c;cxx;def;odl;idl;hpj;bat;asm;asmx</Extensions>
    </Filter>
    <Filter Include="Header Files">
      <UniqueIdentifier>{93995380-89BD-4b04-88EB-625FBE52EBFB}</UniqueIdentifier>
      <Extensions>h;hpp;hxx;hm;inl;inc;xsd</Extensions>
    </Filter>
    <Filter Include="Resource Files">
      <UniqueIdentifier>{67DA6AB6-F800-4c08-8B7A-83BB121AAD01}</UniqueIdentifier>
      <Extensions>rc;ico;cur;bmp;dlg;rc2;rct;bin;rgs;gif;jpg;jpeg;jpe;resx</Extensions>
    </Filter>
    <Filter Include="include">
      <UniqueIdentifier>{b19ca6a5-614d-4dd6-8952-250dfeef6ea7}</UniqueIdentifier>
    </Filter>
  </ItemGroup>
  <ItemGroup>
    <ClCompile Include="allocpool.cpp">
      <Filter>Source Files</Filter>
    </ClCompile>
    <ClCompile Include="connections.cpp">
      <Filter>Source Files</Filter>
    </ClCompile>
    <ClCompile Include="convertsample.cpp">
      <Filter>Source Files</Filter>
    </ClCompile>
    <ClCompile Include="encoder.cpp">
      <Filter>Source Files</Filter>
    </ClCompile>
    <ClCompile Include="graph.cpp">
      <Filter>Source Files</Filter>
    </ClCompile>
    <ClCompile Include="mixer.cpp">
      <Filter>Source Files</Filter>
    </ClCompile>
    <ClCompile Include="patternplayer.cpp">
      <Filter>Source Files</Filter>
    </ClCompile>
    <ClCompile Include="song.cpp">
      <Filter>Source Files</Filter>
    </ClCompile>
    <ClCompile Include="synchronization.cpp">
      <Filter>Source Files</Filter>
    </ClCompile>
    <ClCompile Include="thread_id.cpp">
      <Filter>Source Files</Filter>
    </ClCompile>
  </ItemGroup>
  <ItemGroup>
    <ClInclude Include="allocpool.h">
      <Filter>Header Files</Filter>
    </ClInclude>
    <ClInclude Include="columninfo.h">
      <Filter>Header Files</Filter>
    </ClInclude>
    <ClInclude Include="connections.h">
      <Filter>Header Files</Filter>
    </ClInclude>
    <ClInclude Include="convertsample.h">
      <Filter>Header Files</Filter>
    </ClInclude>
    <ClInclude Include="encoder.h">
      <Filter>Header Files</Filter>
    </ClInclude>
    <ClInclude Include="events.h">
      <Filter>Header Files</Filter>
    </ClInclude>
    <ClInclude Include="graph.h">
      <Filter>Header Files</Filter>
    </ClInclude>
    <ClInclude Include="mixer.h">
      <Filter>Header Files</Filter>
    </ClInclude>
    <ClInclude Include="patternplayer.h">
      <Filter>Header Files</Filter>
    </ClInclude>
    <ClInclude Include="ringbuffer.h">
      <Filter>Header Files</Filter>
    </ClInclude>
    <ClInclude Include="song.h">
      <Filter>Header Files</Filter>
    </ClInclude>
    <ClInclude Include="synchronization.h">
      <Filter>Header Files</Filter>
    </ClInclude>
    <ClInclude Include="thread_id.h">
      <Filter>Header Files</Filter>
    </ClInclude>
    <ClInclude Include="threadqueue.h">
      <Filter>Header Files</Filter>
    </ClInclude>
    <ClInclude Include="timer.h">
      <Filter>Header Files</Filter>
    </ClInclude>
    <ClInclude Include="..\..\include\zzub\plugin.h">
      <Filter>include</Filter>
    </ClInclude>
    <ClInclude Include="..\..\include\zzub\signature.h">
      <Filter>include</Filter>
    </ClInclude>
    <ClInclude Include="..\..\include\zzub\types.h">
      <Filter>include</Filter>
    </ClInclude>
    <ClInclude Include="..\..\include\zzub\pluginenum.h">
      <Filter>include</Filter>
    </ClInclude>
  </ItemGroup>
  <ItemGroup>
    <CustomBuild Include="..\..\include\zzub\pluginenum.zidl">
      <Filter>include</Filter>
    </CustomBuild>
  </ItemGroup>
</Project>