<?xml version="1.0" encoding="utf-8"?>
<Project ToolsVersion="4.0" xmlns="http://schemas.microsoft.com/developer/msbuild/2003">
  <ItemGroup>
    <Filter Include="Source Files">
      <UniqueIdentifier>{4FC737F1-C7A5-4376-A066-2A32D752A2FF}</UniqueIdentifier>
      <Extensions>cpp;c;cxx;def;odl;idl;hpj;bat;asm;asmx</Extensions>
    </Filter>
    <Filter Include="Header Files">
      <UniqueIdentifier>{93995380-89BD-4b04-88EB-625FBE52EBFB}</UniqueIdentifier>
      <Extensions>h;hpp;hxx;hm;inl;inc;xsd</Extensions>
    </Filter>
    <Filter Include="Resource Files">
      <UniqueIdentifier>{67DA6AB6-F800-4c08-8B7A-83BB121AAD01}</UniqueIdentifier>
      <Extensions>rc;ico;cur;bmp;dlg;rc2;rct;bin;rgs;gif;jpg;jpeg;jpe;resx</Extensions>
    </Filter>
  </ItemGroup>
  <ItemGroup>
    <ClCompile Include="AnalyzerView.cpp">
      <Filter>Source Files</Filter>
    </ClCompile>
    <ClCompile Include="buzegui.cpp">
      <Filter>Source Files</Filter>
    </ClCompile>
    <ClCompile Include="CommentView.cpp">
      <Filter>Source Files</Filter>
    </ClCompile>
    <ClCompile Include="CpuMeterView.cpp">
      <Filter>Source Files</Filter>
    </ClCompile>
    <ClCompile Include="FileBrowserList.cpp">
      <Filter>Source Files</Filter>
    </ClCompile>
    <ClCompile Include="FileBrowserView.cpp">
      <Filter>Source Files</Filter>
    </ClCompile>
    <ClCompile Include="HelpView.cpp">
      <Filter>Source Files</Filter>
    </ClCompile>
    <ClCompile Include="HistoryView.cpp">
      <Filter>Source Files</Filter>
    </ClCompile>
    <ClCompile Include="MachineFolderView.cpp">
      <Filter>Source Files</Filter>
    </ClCompile>
    <ClCompile Include="PatternFormatView.cpp">
      <Filter>Source Files</Filter>
    </ClCompile>
    <ClCompile Include="PreferencesView.cpp">
      <Filter>Source Files</Filter>
    </ClCompile>
    <ClCompile Include="PreferencesViewProperties.cpp">
      <Filter>Source Files</Filter>
    </ClCompile>
    <ClCompile Include="PropertyListView.cpp">
      <Filter>Source Files</Filter>
    </ClCompile>
    <ClCompile Include="PropertyViewProperties.cpp">
      <Filter>Source Files</Filter>
    </ClCompile>
    <ClCompile Include="stdafx.cpp">
      <Filter>Source Files</Filter>
    </ClCompile>
  </ItemGroup>
  <ItemGroup>
    <ClInclude Include="AnalyzerView.h">
      <Filter>Header Files</Filter>
    </ClInclude>
    <ClInclude Include="CommentView.h">
      <Filter>Header Files</Filter>
    </ClInclude>
    <ClInclude Include="CpuMeterView.h">
      <Filter>Header Files</Filter>
    </ClInclude>
    <ClInclude Include="directory.h">
      <Filter>Header Files</Filter>
    </ClInclude>
    <ClInclude Include="FileBrowserList.h">
      <Filter>Header Files</Filter>
    </ClInclude>
    <ClInclude Include="FileBrowserView.h">
      <Filter>Header Files</Filter>
    </ClInclude>
    <ClInclude Include="HelpView.h">
      <Filter>Header Files</Filter>
    </ClInclude>
    <ClInclude Include="HistoryView.h">
      <Filter>Header Files</Filter>
    </ClInclude>
    <ClInclude Include="MachineFolderView.h">
      <Filter>Header Files</Filter>
    </ClInclude>
    <ClInclude Include="PatternFormatView.h">
      <Filter>Header Files</Filter>
    </ClInclude>
    <ClInclude Include="PreferencesView.h">
      <Filter>Header Files</Filter>
    </ClInclude>
    <ClInclude Include="PreferencesViewProperties.h">
      <Filter>Header Files</Filter>
    </ClInclude>
    <ClInclude Include="PropertyListView.h">
      <Filter>Header Files</Filter>
    </ClInclude>
    <ClInclude Include="PropertyViewProperties.h">
      <Filter>Header Files</Filter>
    </ClInclude>
    <ClInclude Include="resource.h">
      <Filter>Header Files</Filter>
    </ClInclude>
    <ClInclude Include="stdafx.h">
      <Filter>Header Files</Filter>
    </ClInclude>
  </ItemGroup>
  <ItemGroup>
    <ResourceCompile Include="buzegui.rc">
      <Filter>Resource Files</Filter>
    </ResourceCompile>
  </ItemGroup>
  <ItemGroup>
    <None Include="ReadMe.txt" />
  </ItemGroup>
</Project>